// !$*UTF8*$!
{
	archiveVersion = 1;
	classes = {
	};
	objectVersion = 55;
	objects = {

/* Begin PBXBuildFile section */
		3D08753528C8C1A0005AAEB4 /* ComposeViewController.swift in Sources */ = {isa = PBXBuildFile; fileRef = 3D08753428C8C1A0005AAEB4 /* ComposeViewController.swift */; };
		3D08753728C8D983005AAEB4 /* UIViewController+Alert.swift in Sources */ = {isa = PBXBuildFile; fileRef = 3D08753628C8D983005AAEB4 /* UIViewController+Alert.swift */; };
		3D08753928CF0029005AAEB4 /* DetailViewController.swift in Sources */ = {isa = PBXBuildFile; fileRef = 3D08753828CF0029005AAEB4 /* DetailViewController.swift */; };
		3D08753C28D0A5A8005AAEB4 /* xodatamodeld.xcdatamodeld in Sources */ = {isa = PBXBuildFile; fileRef = 3D08753A28D0A5A8005AAEB4 /* xodatamodeld.xcdatamodeld */; };
		3D08753F28D0AA3D005AAEB4 /* DataManager.swift in Sources */ = {isa = PBXBuildFile; fileRef = 3D08753E28D0AA3D005AAEB4 /* DataManager.swift */; };
		3D35A1AE28C78C74000446D8 /* Model.swift in Sources */ = {isa = PBXBuildFile; fileRef = 3D35A1AD28C78C74000446D8 /* Model.swift */; };
		3D35A1B028C78F2B000446D8 /* MemoListTableViewController.swift in Sources */ = {isa = PBXBuildFile; fileRef = 3D35A1AF28C78F2B000446D8 /* MemoListTableViewController.swift */; };
		3DA5B08828BCFB63006AC2C1 /* AppDelegate.swift in Sources */ = {isa = PBXBuildFile; fileRef = 3DA5B08728BCFB63006AC2C1 /* AppDelegate.swift */; };
		3DA5B08A28BCFB63006AC2C1 /* SceneDelegate.swift in Sources */ = {isa = PBXBuildFile; fileRef = 3DA5B08928BCFB63006AC2C1 /* SceneDelegate.swift */; };
		3DA5B08F28BCFB63006AC2C1 /* Main.storyboard in Resources */ = {isa = PBXBuildFile; fileRef = 3DA5B08D28BCFB63006AC2C1 /* Main.storyboard */; };
		3DA5B09128BCFB63006AC2C1 /* Assets.xcassets in Resources */ = {isa = PBXBuildFile; fileRef = 3DA5B09028BCFB63006AC2C1 /* Assets.xcassets */; };
		3DA5B09428BCFB63006AC2C1 /* LaunchScreen.storyboard in Resources */ = {isa = PBXBuildFile; fileRef = 3DA5B09228BCFB63006AC2C1 /* LaunchScreen.storyboard */; };
		3DA5B09F28BCFB63006AC2C1 /* KxMemoTests.swift in Sources */ = {isa = PBXBuildFile; fileRef = 3DA5B09E28BCFB63006AC2C1 /* KxMemoTests.swift */; };
		3DA5B0A928BCFB63006AC2C1 /* KxMemoUITests.swift in Sources */ = {isa = PBXBuildFile; fileRef = 3DA5B0A828BCFB63006AC2C1 /* KxMemoUITests.swift */; };
		3DA5B0AB28BCFB63006AC2C1 /* KxMemoUITestsLaunchTests.swift in Sources */ = {isa = PBXBuildFile; fileRef = 3DA5B0AA28BCFB63006AC2C1 /* KxMemoUITestsLaunchTests.swift */; };
/* End PBXBuildFile section */

/* Begin PBXContainerItemProxy section */
		3DA5B09B28BCFB63006AC2C1 /* PBXContainerItemProxy */ = {
			isa = PBXContainerItemProxy;
			containerPortal = 3DA5B07C28BCFB63006AC2C1 /* Project object */;
			proxyType = 1;
			remoteGlobalIDString = 3DA5B08328BCFB63006AC2C1;
			remoteInfo = KxMemo;
		};
		3DA5B0A528BCFB63006AC2C1 /* PBXContainerItemProxy */ = {
			isa = PBXContainerItemProxy;
			containerPortal = 3DA5B07C28BCFB63006AC2C1 /* Project object */;
			proxyType = 1;
			remoteGlobalIDString = 3DA5B08328BCFB63006AC2C1;
			remoteInfo = KxMemo;
		};
/* End PBXContainerItemProxy section */

/* Begin PBXFileReference section */
		3D08753428C8C1A0005AAEB4 /* ComposeViewController.swift */ = {isa = PBXFileReference; lastKnownFileType = sourcecode.swift; path = ComposeViewController.swift; sourceTree = "<group>"; };
		3D08753628C8D983005AAEB4 /* UIViewController+Alert.swift */ = {isa = PBXFileReference; lastKnownFileType = sourcecode.swift; path = "UIViewController+Alert.swift"; sourceTree = "<group>"; };
		3D08753828CF0029005AAEB4 /* DetailViewController.swift */ = {isa = PBXFileReference; lastKnownFileType = sourcecode.swift; path = DetailViewController.swift; sourceTree = "<group>"; };
		3D08753B28D0A5A8005AAEB4 /* xodatamodeld.xcdatamodel */ = {isa = PBXFileReference; lastKnownFileType = wrapper.xcdatamodel; path = xodatamodeld.xcdatamodel; sourceTree = "<group>"; };
		3D08753E28D0AA3D005AAEB4 /* DataManager.swift */ = {isa = PBXFileReference; lastKnownFileType = sourcecode.swift; path = DataManager.swift; sourceTree = "<group>"; };
		3D35A1AD28C78C74000446D8 /* Model.swift */ = {isa = PBXFileReference; lastKnownFileType = sourcecode.swift; path = Model.swift; sourceTree = "<group>"; };
		3D35A1AF28C78F2B000446D8 /* MemoListTableViewController.swift */ = {isa = PBXFileReference; lastKnownFileType = sourcecode.swift; path = MemoListTableViewController.swift; sourceTree = "<group>"; };
		3DA5B08428BCFB63006AC2C1 /* KxMemo.app */ = {isa = PBXFileReference; explicitFileType = wrapper.application; includeInIndex = 0; path = KxMemo.app; sourceTree = BUILT_PRODUCTS_DIR; };
		3DA5B08728BCFB63006AC2C1 /* AppDelegate.swift */ = {isa = PBXFileReference; lastKnownFileType = sourcecode.swift; path = AppDelegate.swift; sourceTree = "<group>"; };
		3DA5B08928BCFB63006AC2C1 /* SceneDelegate.swift */ = {isa = PBXFileReference; lastKnownFileType = sourcecode.swift; path = SceneDelegate.swift; sourceTree = "<group>"; };
		3DA5B08E28BCFB63006AC2C1 /* Base */ = {isa = PBXFileReference; lastKnownFileType = file.storyboard; name = Base; path = Base.lproj/Main.storyboard; sourceTree = "<group>"; };
		3DA5B09028BCFB63006AC2C1 /* Assets.xcassets */ = {isa = PBXFileReference; lastKnownFileType = folder.assetcatalog; path = Assets.xcassets; sourceTree = "<group>"; };
		3DA5B09328BCFB63006AC2C1 /* Base */ = {isa = PBXFileReference; lastKnownFileType = file.storyboard; name = Base; path = Base.lproj/LaunchScreen.storyboard; sourceTree = "<group>"; };
		3DA5B09528BCFB63006AC2C1 /* Info.plist */ = {isa = PBXFileReference; lastKnownFileType = text.plist.xml; path = Info.plist; sourceTree = "<group>"; };
		3DA5B09A28BCFB63006AC2C1 /* KxMemoTests.xctest */ = {isa = PBXFileReference; explicitFileType = wrapper.cfbundle; includeInIndex = 0; path = KxMemoTests.xctest; sourceTree = BUILT_PRODUCTS_DIR; };
		3DA5B09E28BCFB63006AC2C1 /* KxMemoTests.swift */ = {isa = PBXFileReference; lastKnownFileType = sourcecode.swift; path = KxMemoTests.swift; sourceTree = "<group>"; };
		3DA5B0A428BCFB63006AC2C1 /* KxMemoUITests.xctest */ = {isa = PBXFileReference; explicitFileType = wrapper.cfbundle; includeInIndex = 0; path = KxMemoUITests.xctest; sourceTree = BUILT_PRODUCTS_DIR; };
		3DA5B0A828BCFB63006AC2C1 /* KxMemoUITests.swift */ = {isa = PBXFileReference; lastKnownFileType = sourcecode.swift; path = KxMemoUITests.swift; sourceTree = "<group>"; };
		3DA5B0AA28BCFB63006AC2C1 /* KxMemoUITestsLaunchTests.swift */ = {isa = PBXFileReference; lastKnownFileType = sourcecode.swift; path = KxMemoUITestsLaunchTests.swift; sourceTree = "<group>"; };
/* End PBXFileReference section */

/* Begin PBXFrameworksBuildPhase section */
		3DA5B08128BCFB63006AC2C1 /* Frameworks */ = {
			isa = PBXFrameworksBuildPhase;
			buildActionMask = 2147483647;
			files = (
			);
			runOnlyForDeploymentPostprocessing = 0;
		};
		3DA5B09728BCFB63006AC2C1 /* Frameworks */ = {
			isa = PBXFrameworksBuildPhase;
			buildActionMask = 2147483647;
			files = (
			);
			runOnlyForDeploymentPostprocessing = 0;
		};
		3DA5B0A128BCFB63006AC2C1 /* Frameworks */ = {
			isa = PBXFrameworksBuildPhase;
			buildActionMask = 2147483647;
			files = (
			);
			runOnlyForDeploymentPostprocessing = 0;
		};
/* End PBXFrameworksBuildPhase section */

/* Begin PBXGroup section */
		3D08753D28D0AA26005AAEB4 /* Data */ = {
			isa = PBXGroup;
			children = (
				3D08753E28D0AA3D005AAEB4 /* DataManager.swift */,
			);
			path = Data;
			sourceTree = "<group>";
		};
		3D35A1AC28C78C4E000446D8 /* Model */ = {
			isa = PBXGroup;
			children = (
				3D35A1AD28C78C74000446D8 /* Model.swift */,
			);
			path = Model;
			sourceTree = "<group>";
		};
		3DA5B07B28BCFB63006AC2C1 = {
			isa = PBXGroup;
			children = (
				3DA5B08628BCFB63006AC2C1 /* KxMemo */,
				3DA5B09D28BCFB63006AC2C1 /* KxMemoTests */,
				3DA5B0A728BCFB63006AC2C1 /* KxMemoUITests */,
				3DA5B08528BCFB63006AC2C1 /* Products */,
			);
			sourceTree = "<group>";
		};
		3DA5B08528BCFB63006AC2C1 /* Products */ = {
			isa = PBXGroup;
			children = (
				3DA5B08428BCFB63006AC2C1 /* KxMemo.app */,
				3DA5B09A28BCFB63006AC2C1 /* KxMemoTests.xctest */,
				3DA5B0A428BCFB63006AC2C1 /* KxMemoUITests.xctest */,
			);
			name = Products;
			sourceTree = "<group>";
		};
		3DA5B08628BCFB63006AC2C1 /* KxMemo */ = {
			isa = PBXGroup;
			children = (
				3D08753D28D0AA26005AAEB4 /* Data */,
				3D35A1AC28C78C4E000446D8 /* Model */,
				3DA5B08728BCFB63006AC2C1 /* AppDelegate.swift */,
				3DA5B08928BCFB63006AC2C1 /* SceneDelegate.swift */,
				3DA5B08D28BCFB63006AC2C1 /* Main.storyboard */,
				3DA5B09028BCFB63006AC2C1 /* Assets.xcassets */,
				3DA5B09228BCFB63006AC2C1 /* LaunchScreen.storyboard */,
				3DA5B09528BCFB63006AC2C1 /* Info.plist */,
				3D35A1AF28C78F2B000446D8 /* MemoListTableViewController.swift */,
				3D08753428C8C1A0005AAEB4 /* ComposeViewController.swift */,
				3D08753628C8D983005AAEB4 /* UIViewController+Alert.swift */,
				3D08753828CF0029005AAEB4 /* DetailViewController.swift */,
				3D08753A28D0A5A8005AAEB4 /* xodatamodeld.xcdatamodeld */,
			);
			path = KxMemo;
			sourceTree = "<group>";
		};
		3DA5B09D28BCFB63006AC2C1 /* KxMemoTests */ = {
			isa = PBXGroup;
			children = (
				3DA5B09E28BCFB63006AC2C1 /* KxMemoTests.swift */,
			);
			path = KxMemoTests;
			sourceTree = "<group>";
		};
		3DA5B0A728BCFB63006AC2C1 /* KxMemoUITests */ = {
			isa = PBXGroup;
			children = (
				3DA5B0A828BCFB63006AC2C1 /* KxMemoUITests.swift */,
				3DA5B0AA28BCFB63006AC2C1 /* KxMemoUITestsLaunchTests.swift */,
			);
			path = KxMemoUITests;
			sourceTree = "<group>";
		};
/* End PBXGroup section */

/* Begin PBXNativeTarget section */
		3DA5B08328BCFB63006AC2C1 /* KxMemo */ = {
			isa = PBXNativeTarget;
			buildConfigurationList = 3DA5B0AE28BCFB63006AC2C1 /* Build configuration list for PBXNativeTarget "KxMemo" */;
			buildPhases = (
				3DA5B08028BCFB63006AC2C1 /* Sources */,
				3DA5B08128BCFB63006AC2C1 /* Frameworks */,
				3DA5B08228BCFB63006AC2C1 /* Resources */,
			);
			buildRules = (
			);
			dependencies = (
			);
			name = KxMemo;
			productName = KxMemo;
			productReference = 3DA5B08428BCFB63006AC2C1 /* KxMemo.app */;
			productType = "com.apple.product-type.application";
		};
		3DA5B09928BCFB63006AC2C1 /* KxMemoTests */ = {
			isa = PBXNativeTarget;
			buildConfigurationList = 3DA5B0B128BCFB63006AC2C1 /* Build configuration list for PBXNativeTarget "KxMemoTests" */;
			buildPhases = (
				3DA5B09628BCFB63006AC2C1 /* Sources */,
				3DA5B09728BCFB63006AC2C1 /* Frameworks */,
				3DA5B09828BCFB63006AC2C1 /* Resources */,
			);
			buildRules = (
			);
			dependencies = (
				3DA5B09C28BCFB63006AC2C1 /* PBXTargetDependency */,
			);
			name = KxMemoTests;
			productName = KxMemoTests;
			productReference = 3DA5B09A28BCFB63006AC2C1 /* KxMemoTests.xctest */;
			productType = "com.apple.product-type.bundle.unit-test";
		};
		3DA5B0A328BCFB63006AC2C1 /* KxMemoUITests */ = {
			isa = PBXNativeTarget;
			buildConfigurationList = 3DA5B0B428BCFB63006AC2C1 /* Build configuration list for PBXNativeTarget "KxMemoUITests" */;
			buildPhases = (
				3DA5B0A028BCFB63006AC2C1 /* Sources */,
				3DA5B0A128BCFB63006AC2C1 /* Frameworks */,
				3DA5B0A228BCFB63006AC2C1 /* Resources */,
			);
			buildRules = (
			);
			dependencies = (
				3DA5B0A628BCFB63006AC2C1 /* PBXTargetDependency */,
			);
			name = KxMemoUITests;
			productName = KxMemoUITests;
			productReference = 3DA5B0A428BCFB63006AC2C1 /* KxMemoUITests.xctest */;
			productType = "com.apple.product-type.bundle.ui-testing";
		};
/* End PBXNativeTarget section */

/* Begin PBXProject section */
		3DA5B07C28BCFB63006AC2C1 /* Project object */ = {
			isa = PBXProject;
			attributes = {
				BuildIndependentTargetsInParallel = 1;
				LastSwiftUpdateCheck = 1340;
				LastUpgradeCheck = 1340;
				TargetAttributes = {
					3DA5B08328BCFB63006AC2C1 = {
						CreatedOnToolsVersion = 13.4.1;
					};
					3DA5B09928BCFB63006AC2C1 = {
						CreatedOnToolsVersion = 13.4.1;
						TestTargetID = 3DA5B08328BCFB63006AC2C1;
					};
					3DA5B0A328BCFB63006AC2C1 = {
						CreatedOnToolsVersion = 13.4.1;
						TestTargetID = 3DA5B08328BCFB63006AC2C1;
					};
				};
			};
			buildConfigurationList = 3DA5B07F28BCFB63006AC2C1 /* Build configuration list for PBXProject "KxMemo" */;
			compatibilityVersion = "Xcode 13.0";
			developmentRegion = en;
			hasScannedForEncodings = 0;
			knownRegions = (
				en,
				Base,
			);
			mainGroup = 3DA5B07B28BCFB63006AC2C1;
			productRefGroup = 3DA5B08528BCFB63006AC2C1 /* Products */;
			projectDirPath = "";
			projectRoot = "";
			targets = (
				3DA5B08328BCFB63006AC2C1 /* KxMemo */,
				3DA5B09928BCFB63006AC2C1 /* KxMemoTests */,
				3DA5B0A328BCFB63006AC2C1 /* KxMemoUITests */,
			);
		};
/* End PBXProject section */

/* Begin PBXResourcesBuildPhase section */
		3DA5B08228BCFB63006AC2C1 /* Resources */ = {
			isa = PBXResourcesBuildPhase;
			buildActionMask = 2147483647;
			files = (
				3DA5B09428BCFB63006AC2C1 /* LaunchScreen.storyboard in Resources */,
				3DA5B09128BCFB63006AC2C1 /* Assets.xcassets in Resources */,
				3DA5B08F28BCFB63006AC2C1 /* Main.storyboard in Resources */,
			);
			runOnlyForDeploymentPostprocessing = 0;
		};
		3DA5B09828BCFB63006AC2C1 /* Resources */ = {
			isa = PBXResourcesBuildPhase;
			buildActionMask = 2147483647;
			files = (
			);
			runOnlyForDeploymentPostprocessing = 0;
		};
		3DA5B0A228BCFB63006AC2C1 /* Resources */ = {
			isa = PBXResourcesBuildPhase;
			buildActionMask = 2147483647;
			files = (
			);
			runOnlyForDeploymentPostprocessing = 0;
		};
/* End PBXResourcesBuildPhase section */

/* Begin PBXSourcesBuildPhase section */
		3DA5B08028BCFB63006AC2C1 /* Sources */ = {
			isa = PBXSourcesBuildPhase;
			buildActionMask = 2147483647;
			files = (
				3D08753528C8C1A0005AAEB4 /* ComposeViewController.swift in Sources */,
				3D35A1AE28C78C74000446D8 /* Model.swift in Sources */,
				3DA5B08828BCFB63006AC2C1 /* AppDelegate.swift in Sources */,
				3D08753728C8D983005AAEB4 /* UIViewController+Alert.swift in Sources */,
				3DA5B08A28BCFB63006AC2C1 /* SceneDelegate.swift in Sources */,
				3D35A1B028C78F2B000446D8 /* MemoListTableViewController.swift in Sources */,
				3D08753928CF0029005AAEB4 /* DetailViewController.swift in Sources */,
				3D08753F28D0AA3D005AAEB4 /* DataManager.swift in Sources */,
				3D08753C28D0A5A8005AAEB4 /* xodatamodeld.xcdatamodeld in Sources */,
			);
			runOnlyForDeploymentPostprocessing = 0;
		};
		3DA5B09628BCFB63006AC2C1 /* Sources */ = {
			isa = PBXSourcesBuildPhase;
			buildActionMask = 2147483647;
			files = (
				3DA5B09F28BCFB63006AC2C1 /* KxMemoTests.swift in Sources */,
			);
			runOnlyForDeploymentPostprocessing = 0;
		};
		3DA5B0A028BCFB63006AC2C1 /* Sources */ = {
			isa = PBXSourcesBuildPhase;
			buildActionMask = 2147483647;
			files = (
				3DA5B0A928BCFB63006AC2C1 /* KxMemoUITests.swift in Sources */,
				3DA5B0AB28BCFB63006AC2C1 /* KxMemoUITestsLaunchTests.swift in Sources */,
			);
			runOnlyForDeploymentPostprocessing = 0;
		};
/* End PBXSourcesBuildPhase section */

/* Begin PBXTargetDependency section */
		3DA5B09C28BCFB63006AC2C1 /* PBXTargetDependency */ = {
			isa = PBXTargetDependency;
			target = 3DA5B08328BCFB63006AC2C1 /* KxMemo */;
			targetProxy = 3DA5B09B28BCFB63006AC2C1 /* PBXContainerItemProxy */;
		};
		3DA5B0A628BCFB63006AC2C1 /* PBXTargetDependency */ = {
			isa = PBXTargetDependency;
			target = 3DA5B08328BCFB63006AC2C1 /* KxMemo */;
			targetProxy = 3DA5B0A528BCFB63006AC2C1 /* PBXContainerItemProxy */;
		};
/* End PBXTargetDependency section */

/* Begin PBXVariantGroup section */
		3DA5B08D28BCFB63006AC2C1 /* Main.storyboard */ = {
			isa = PBXVariantGroup;
			children = (
				3DA5B08E28BCFB63006AC2C1 /* Base */,
			);
			name = Main.storyboard;
			sourceTree = "<group>";
		};
		3DA5B09228BCFB63006AC2C1 /* LaunchScreen.storyboard */ = {
			isa = PBXVariantGroup;
			children = (
				3DA5B09328BCFB63006AC2C1 /* Base */,
			);
			name = LaunchScreen.storyboard;
			sourceTree = "<group>";
		};
/* End PBXVariantGroup section */

/* Begin XCBuildConfiguration section */
		3DA5B0AC28BCFB63006AC2C1 /* Debug */ = {
			isa = XCBuildConfiguration;
			buildSettings = {
				ALWAYS_SEARCH_USER_PATHS = NO;
				CLANG_ANALYZER_NONNULL = YES;
				CLANG_ANALYZER_NUMBER_OBJECT_CONVERSION = YES_AGGRESSIVE;
				CLANG_CXX_LANGUAGE_STANDARD = "gnu++17";
				CLANG_ENABLE_MODULES = YES;
				CLANG_ENABLE_OBJC_ARC = YES;
				CLANG_ENABLE_OBJC_WEAK = YES;
				CLANG_WARN_BLOCK_CAPTURE_AUTORELEASING = YES;
				CLANG_WARN_BOOL_CONVERSION = YES;
				CLANG_WARN_COMMA = YES;
				CLANG_WARN_CONSTANT_CONVERSION = YES;
				CLANG_WARN_DEPRECATED_OBJC_IMPLEMENTATIONS = YES;
				CLANG_WARN_DIRECT_OBJC_ISA_USAGE = YES_ERROR;
				CLANG_WARN_DOCUMENTATION_COMMENTS = YES;
				CLANG_WARN_EMPTY_BODY = YES;
				CLANG_WARN_ENUM_CONVERSION = YES;
				CLANG_WARN_INFINITE_RECURSION = YES;
				CLANG_WARN_INT_CONVERSION = YES;
				CLANG_WARN_NON_LITERAL_NULL_CONVERSION = YES;
				CLANG_WARN_OBJC_IMPLICIT_RETAIN_SELF = YES;
				CLANG_WARN_OBJC_LITERAL_CONVERSION = YES;
				CLANG_WARN_OBJC_ROOT_CLASS = YES_ERROR;
				CLANG_WARN_QUOTED_INCLUDE_IN_FRAMEWORK_HEADER = YES;
				CLANG_WARN_RANGE_LOOP_ANALYSIS = YES;
				CLANG_WARN_STRICT_PROTOTYPES = YES;
				CLANG_WARN_SUSPICIOUS_MOVE = YES;
				CLANG_WARN_UNGUARDED_AVAILABILITY = YES_AGGRESSIVE;
				CLANG_WARN_UNREACHABLE_CODE = YES;
				CLANG_WARN__DUPLICATE_METHOD_MATCH = YES;
				COPY_PHASE_STRIP = NO;
				DEBUG_INFORMATION_FORMAT = dwarf;
				ENABLE_STRICT_OBJC_MSGSEND = YES;
				ENABLE_TESTABILITY = YES;
				GCC_C_LANGUAGE_STANDARD = gnu11;
				GCC_DYNAMIC_NO_PIC = NO;
				GCC_NO_COMMON_BLOCKS = YES;
				GCC_OPTIMIZATION_LEVEL = 0;
				GCC_PREPROCESSOR_DEFINITIONS = (
					"DEBUG=1",
					"$(inherited)",
				);
				GCC_WARN_64_TO_32_BIT_CONVERSION = YES;
				GCC_WARN_ABOUT_RETURN_TYPE = YES_ERROR;
				GCC_WARN_UNDECLARED_SELECTOR = YES;
				GCC_WARN_UNINITIALIZED_AUTOS = YES_AGGRESSIVE;
				GCC_WARN_UNUSED_FUNCTION = YES;
				GCC_WARN_UNUSED_VARIABLE = YES;
				IPHONEOS_DEPLOYMENT_TARGET = 15.5;
				MTL_ENABLE_DEBUG_INFO = INCLUDE_SOURCE;
				MTL_FAST_MATH = YES;
				ONLY_ACTIVE_ARCH = YES;
				SDKROOT = iphoneos;
				SWIFT_ACTIVE_COMPILATION_CONDITIONS = DEBUG;
				SWIFT_OPTIMIZATION_LEVEL = "-Onone";
			};
			name = Debug;
		};
		3DA5B0AD28BCFB63006AC2C1 /* Release */ = {
			isa = XCBuildConfiguration;
			buildSettings = {
				ALWAYS_SEARCH_USER_PATHS = NO;
				CLANG_ANALYZER_NONNULL = YES;
				CLANG_ANALYZER_NUMBER_OBJECT_CONVERSION = YES_AGGRESSIVE;
				CLANG_CXX_LANGUAGE_STANDARD = "gnu++17";
				CLANG_ENABLE_MODULES = YES;
				CLANG_ENABLE_OBJC_ARC = YES;
				CLANG_ENABLE_OBJC_WEAK = YES;
				CLANG_WARN_BLOCK_CAPTURE_AUTORELEASING = YES;
				CLANG_WARN_BOOL_CONVERSION = YES;
				CLANG_WARN_COMMA = YES;
				CLANG_WARN_CONSTANT_CONVERSION = YES;
				CLANG_WARN_DEPRECATED_OBJC_IMPLEMENTATIONS = YES;
				CLANG_WARN_DIRECT_OBJC_ISA_USAGE = YES_ERROR;
				CLANG_WARN_DOCUMENTATION_COMMENTS = YES;
				CLANG_WARN_EMPTY_BODY = YES;
				CLANG_WARN_ENUM_CONVERSION = YES;
				CLANG_WARN_INFINITE_RECURSION = YES;
				CLANG_WARN_INT_CONVERSION = YES;
				CLANG_WARN_NON_LITERAL_NULL_CONVERSION = YES;
				CLANG_WARN_OBJC_IMPLICIT_RETAIN_SELF = YES;
				CLANG_WARN_OBJC_LITERAL_CONVERSION = YES;
				CLANG_WARN_OBJC_ROOT_CLASS = YES_ERROR;
				CLANG_WARN_QUOTED_INCLUDE_IN_FRAMEWORK_HEADER = YES;
				CLANG_WARN_RANGE_LOOP_ANALYSIS = YES;
				CLANG_WARN_STRICT_PROTOTYPES = YES;
				CLANG_WARN_SUSPICIOUS_MOVE = YES;
				CLANG_WARN_UNGUARDED_AVAILABILITY = YES_AGGRESSIVE;
				CLANG_WARN_UNREACHABLE_CODE = YES;
				CLANG_WARN__DUPLICATE_METHOD_MATCH = YES;
				COPY_PHASE_STRIP = NO;
				DEBUG_INFORMATION_FORMAT = "dwarf-with-dsym";
				ENABLE_NS_ASSERTIONS = NO;
				ENABLE_STRICT_OBJC_MSGSEND = YES;
				GCC_C_LANGUAGE_STANDARD = gnu11;
				GCC_NO_COMMON_BLOCKS = YES;
				GCC_WARN_64_TO_32_BIT_CONVERSION = YES;
				GCC_WARN_ABOUT_RETURN_TYPE = YES_ERROR;
				GCC_WARN_UNDECLARED_SELECTOR = YES;
				GCC_WARN_UNINITIALIZED_AUTOS = YES_AGGRESSIVE;
				GCC_WARN_UNUSED_FUNCTION = YES;
				GCC_WARN_UNUSED_VARIABLE = YES;
				IPHONEOS_DEPLOYMENT_TARGET = 15.5;
				MTL_ENABLE_DEBUG_INFO = NO;
				MTL_FAST_MATH = YES;
				SDKROOT = iphoneos;
				SWIFT_COMPILATION_MODE = wholemodule;
				SWIFT_OPTIMIZATION_LEVEL = "-O";
				VALIDATE_PRODUCT = YES;
			};
			name = Release;
		};
		3DA5B0AF28BCFB63006AC2C1 /* Debug */ = {
			isa = XCBuildConfiguration;
			buildSettings = {
				ASSETCATALOG_COMPILER_APPICON_NAME = AppIcon;
				ASSETCATALOG_COMPILER_GLOBAL_ACCENT_COLOR_NAME = AccentColor;
				CODE_SIGN_STYLE = Automatic;
				CURRENT_PROJECT_VERSION = 1;
				DEVELOPMENT_TEAM = 6WZYJKR3V9;
				GENERATE_INFOPLIST_FILE = YES;
				INFOPLIST_FILE = KxMemo/Info.plist;
				INFOPLIST_KEY_CFBundleDisplayName = KxMemo;
				INFOPLIST_KEY_UIApplicationSupportsIndirectInputEvents = YES;
				INFOPLIST_KEY_UILaunchStoryboardName = LaunchScreen;
				INFOPLIST_KEY_UIMainStoryboardFile = Main;
				INFOPLIST_KEY_UISupportedInterfaceOrientations_iPad = "UIInterfaceOrientationPortrait UIInterfaceOrientationPortraitUpsideDown UIInterfaceOrientationLandscapeLeft UIInterfaceOrientationLandscapeRight";
				INFOPLIST_KEY_UISupportedInterfaceOrientations_iPhone = "UIInterfaceOrientationPortrait UIInterfaceOrientationLandscapeLeft UIInterfaceOrientationLandscapeRight";
				IPHONEOS_DEPLOYMENT_TARGET = 10.0;
				LD_RUNPATH_SEARCH_PATHS = (
					"$(inherited)",
					"@executable_path/Frameworks",
				);
				MARKETING_VERSION = 1.0;
				PRODUCT_BUNDLE_IDENTIFIER = com.kxcoding.KxMemo;
				PRODUCT_NAME = "$(TARGET_NAME)";
				SWIFT_EMIT_LOC_STRINGS = YES;
				SWIFT_VERSION = 5.0;
				TARGETED_DEVICE_FAMILY = "1,2";
			};
			name = Debug;
		};
		3DA5B0B028BCFB63006AC2C1 /* Release */ = {
			isa = XCBuildConfiguration;
			buildSettings = {
				ASSETCATALOG_COMPILER_APPICON_NAME = AppIcon;
				ASSETCATALOG_COMPILER_GLOBAL_ACCENT_COLOR_NAME = AccentColor;
				CODE_SIGN_STYLE = Automatic;
				CURRENT_PROJECT_VERSION = 1;
				DEVELOPMENT_TEAM = 6WZYJKR3V9;
				GENERATE_INFOPLIST_FILE = YES;
				INFOPLIST_FILE = KxMemo/Info.plist;
				INFOPLIST_KEY_CFBundleDisplayName = KxMemo;
				INFOPLIST_KEY_UIApplicationSupportsIndirectInputEvents = YES;
				INFOPLIST_KEY_UILaunchStoryboardName = LaunchScreen;
				INFOPLIST_KEY_UIMainStoryboardFile = Main;
				INFOPLIST_KEY_UISupportedInterfaceOrientations_iPad = "UIInterfaceOrientationPortrait UIInterfaceOrientationPortraitUpsideDown UIInterfaceOrientationLandscapeLeft UIInterfaceOrientationLandscapeRight";
				INFOPLIST_KEY_UISupportedInterfaceOrientations_iPhone = "UIInterfaceOrientationPortrait UIInterfaceOrientationLandscapeLeft UIInterfaceOrientationLandscapeRight";
				IPHONEOS_DEPLOYMENT_TARGET = 10.0;
				LD_RUNPATH_SEARCH_PATHS = (
					"$(inherited)",
					"@executable_path/Frameworks",
				);
				MARKETING_VERSION = 1.0;
				PRODUCT_BUNDLE_IDENTIFIER = com.kxcoding.KxMemo;
				PRODUCT_NAME = "$(TARGET_NAME)";
				SWIFT_EMIT_LOC_STRINGS = YES;
				SWIFT_VERSION = 5.0;
				TARGETED_DEVICE_FAMILY = "1,2";
			};
			name = Release;
		};
		3DA5B0B228BCFB63006AC2C1 /* Debug */ = {
			isa = XCBuildConfiguration;
			buildSettings = {
				ALWAYS_EMBED_SWIFT_STANDARD_LIBRARIES = YES;
				BUNDLE_LOADER = "$(TEST_HOST)";
				CODE_SIGN_STYLE = Automatic;
				CURRENT_PROJECT_VERSION = 1;
				GENERATE_INFOPLIST_FILE = YES;
				IPHONEOS_DEPLOYMENT_TARGET = 15.5;
				MARKETING_VERSION = 1.0;
				PRODUCT_BUNDLE_IDENTIFIER = com.kxcoding.KxMemoTests;
				PRODUCT_NAME = "$(TARGET_NAME)";
				SWIFT_EMIT_LOC_STRINGS = NO;
				SWIFT_VERSION = 5.0;
				TARGETED_DEVICE_FAMILY = "1,2";
				TEST_HOST = "$(BUILT_PRODUCTS_DIR)/KxMemo.app/KxMemo";
			};
			name = Debug;
		};
		3DA5B0B328BCFB63006AC2C1 /* Release */ = {
			isa = XCBuildConfiguration;
			buildSettings = {
				ALWAYS_EMBED_SWIFT_STANDARD_LIBRARIES = YES;
				BUNDLE_LOADER = "$(TEST_HOST)";
				CODE_SIGN_STYLE = Automatic;
				CURRENT_PROJECT_VERSION = 1;
				GENERATE_INFOPLIST_FILE = YES;
				IPHONEOS_DEPLOYMENT_TARGET = 15.5;
				MARKETING_VERSION = 1.0;
				PRODUCT_BUNDLE_IDENTIFIER = com.kxcoding.KxMemoTests;
				PRODUCT_NAME = "$(TARGET_NAME)";
				SWIFT_EMIT_LOC_STRINGS = NO;
				SWIFT_VERSION = 5.0;
				TARGETED_DEVICE_FAMILY = "1,2";
				TEST_HOST = "$(BUILT_PRODUCTS_DIR)/KxMemo.app/KxMemo";
			};
			name = Release;
		};
		3DA5B0B528BCFB63006AC2C1 /* Debug */ = {
			isa = XCBuildConfiguration;
			buildSettings = {
				ALWAYS_EMBED_SWIFT_STANDARD_LIBRARIES = YES;
				CODE_SIGN_STYLE = Automatic;
				CURRENT_PROJECT_VERSION = 1;
				GENERATE_INFOPLIST_FILE = YES;
				MARKETING_VERSION = 1.0;
				PRODUCT_BUNDLE_IDENTIFIER = com.kxcoding.KxMemoUITests;
				PRODUCT_NAME = "$(TARGET_NAME)";
				SWIFT_EMIT_LOC_STRINGS = NO;
				SWIFT_VERSION = 5.0;
				TARGETED_DEVICE_FAMILY = "1,2";
				TEST_TARGET_NAME = KxMemo;
			};
			name = Debug;
		};
		3DA5B0B628BCFB63006AC2C1 /* Release */ = {
			isa = XCBuildConfiguration;
			buildSettings = {
				ALWAYS_EMBED_SWIFT_STANDARD_LIBRARIES = YES;
				CODE_SIGN_STYLE = Automatic;
				CURRENT_PROJECT_VERSION = 1;
				GENERATE_INFOPLIST_FILE = YES;
				MARKETING_VERSION = 1.0;
				PRODUCT_BUNDLE_IDENTIFIER = com.kxcoding.KxMemoUITests;
				PRODUCT_NAME = "$(TARGET_NAME)";
				SWIFT_EMIT_LOC_STRINGS = NO;
				SWIFT_VERSION = 5.0;
				TARGETED_DEVICE_FAMILY = "1,2";
				TEST_TARGET_NAME = KxMemo;
			};
			name = Release;
		};
/* End XCBuildConfiguration section */

/* Begin XCConfigurationList section */
		3DA5B07F28BCFB63006AC2C1 /* Build configuration list for PBXProject "KxMemo" */ = {
			isa = XCConfigurationList;
			buildConfigurations = (
				3DA5B0AC28BCFB63006AC2C1 /* Debug */,
				3DA5B0AD28BCFB63006AC2C1 /* Release */,
			);
			defaultConfigurationIsVisible = 0;
			defaultConfigurationName = Release;
		};
		3DA5B0AE28BCFB63006AC2C1 /* Build configuration list for PBXNativeTarget "KxMemo" */ = {
			isa = XCConfigurationList;
			buildConfigurations = (
				3DA5B0AF28BCFB63006AC2C1 /* Debug */,
				3DA5B0B028BCFB63006AC2C1 /* Release */,
			);
			defaultConfigurationIsVisible = 0;
			defaultConfigurationName = Release;
		};
		3DA5B0B128BCFB63006AC2C1 /* Build configuration list for PBXNativeTarget "KxMemoTests" */ = {
			isa = XCConfigurationList;
			buildConfigurations = (
				3DA5B0B228BCFB63006AC2C1 /* Debug */,
				3DA5B0B328BCFB63006AC2C1 /* Release */,
			);
			defaultConfigurationIsVisible = 0;
			defaultConfigurationName = Release;
		};
		3DA5B0B428BCFB63006AC2C1 /* Build configuration list for PBXNativeTarget "KxMemoUITests" */ = {
			isa = XCConfigurationList;
			buildConfigurations = (
				3DA5B0B528BCFB63006AC2C1 /* Debug */,
				3DA5B0B628BCFB63006AC2C1 /* Release */,
			);
			defaultConfigurationIsVisible = 0;
			defaultConfigurationName = Release;
		};
/* End XCConfigurationList section */

/* Begin XCVersionGroup section */
		3D08753A28D0A5A8005AAEB4 /* xodatamodeld.xcdatamodeld */ = {
			isa = XCVersionGroup;
			children = (
				3D08753B28D0A5A8005AAEB4 /* xodatamodeld.xcdatamodel */,
			);
			currentVersion = 3D08753B28D0A5A8005AAEB4 /* xodatamodeld.xcdatamodel */;
			path = xodatamodeld.xcdatamodeld;
			sourceTree = "<group>";
			versionGroupType = wrapper.xcdatamodel;
		};
/* End XCVersionGroup section */
	};
	rootObject = 3DA5B07C28BCFB63006AC2C1 /* Project object */;
}
